
Microsoft Visual Studio Solution File, Format Version 12.00
# Visual Studio Version 17
VisualStudioVersion = 17.8.34330.188
MinimumVisualStudioVersion = 10.0.40219.1
Project("{2150E333-8FDC-42A3-9474-1A3956D46DE8}") = "Services", "Services", "{024E0ACF-F36D-4D74-A2E9-38092E99A091}"
EndProject
Project("{FAE04EC0-301F-11D3-BF4B-00C04F79EFBC}") = "Catalog.API", "Services\Catalog.API\Catalog.API.csproj", "{B7596510-B88D-4564-8DC8-AD4771478E8F}"
EndProject
Global
	GlobalSection(SolutionConfigurationPlatforms) = preSolution
		Debug|Any CPU = Debug|Any CPU
		Release|Any CPU = Release|Any CPU
	EndGlobalSection
	GlobalSection(ProjectConfigurationPlatforms) = postSolution
		{B7596510-B88D-4564-8DC8-AD4771478E8F}.Debug|Any CPU.ActiveCfg = Debug|Any CPU
		{B7596510-B88D-4564-8DC8-AD4771478E8F}.Debug|Any CPU.Build.0 = Debug|Any CPU
		{B7596510-B88D-4564-8DC8-AD4771478E8F}.Release|Any CPU.ActiveCfg = Release|Any CPU
		{B7596510-B88D-4564-8DC8-AD4771478E8F}.Release|Any CPU.Build.0 = Release|Any CPU
	EndGlobalSection
	GlobalSection(SolutionProperties) = preSolution
		HideSolutionNode = FALSE
	EndGlobalSection
	GlobalSection(NestedProjects) = preSolution
		{B7596510-B88D-4564-8DC8-AD4771478E8F} = {024E0ACF-F36D-4D74-A2E9-38092E99A091}
	EndGlobalSection
	GlobalSection(ExtensibilityGlobals) = postSolution
		SolutionGuid = {442A5EC9-BC25-42B7-9883-2C9DF152FABF}
	EndGlobalSection
EndGlobal
